{
    "version": 3,
    "terraform_version": "0.9.11",
    "serial": 2,
    "lineage": "3d4361c7-9e45-4702-acf8-02021d6ab897",
    "modules": [
        {
            "path": [
                "root"
            ],
            "outputs": {},
            "resources": {
                "aws_autoscaling_group.main_asg": {
                    "type": "aws_autoscaling_group",
                    "depends_on": [
                        "aws_launch_configuration.launch_config"
                    ],
                    "primary": {
                        "id": "demo_api_ecs_dev_asg",
                        "attributes": {
                            "arn": "arn:aws:autoscaling:us-east-1:550522744793:autoScalingGroup:2e875cd8-590e-406e-97da-cdffb077cfe1:autoScalingGroupName/demo_api_ecs_dev_asg",
                            "availability_zones.#": "1",
                            "availability_zones.3569565595": "us-east-1a",
                            "default_cooldown": "300",
                            "desired_capacity": "1",
                            "force_delete": "false",
                            "health_check_grace_period": "1800",
                            "health_check_type": "EC2",
                            "id": "demo_api_ecs_dev_asg",
                            "launch_configuration": "demo_api_ecs_dev_lc_006c555721fc2687fa01aa5d16",
                            "load_balancers.#": "0",
                            "max_size": "2",
                            "metrics_granularity": "1Minute",
                            "min_size": "1",
                            "name": "demo_api_ecs_dev_asg",
                            "placement_group": "",
                            "protect_from_scale_in": "false",
                            "suspended_processes.#": "0",
                            "tag.#": "3",
                            "tag.141177348.key": "stack",
                            "tag.141177348.propagate_at_launch": "true",
                            "tag.141177348.value": "demo_api_ecs_dev_stack",
                            "tag.1963396389.key": "role",
                            "tag.1963396389.propagate_at_launch": "true",
                            "tag.1963396389.value": "demo_api_ecs_dev",
                            "tag.2142653439.key": "Name",
                            "tag.2142653439.propagate_at_launch": "true",
                            "tag.2142653439.value": "demo_api_ecs_ec2dev",
                            "target_group_arns.#": "0",
                            "termination_policies.#": "0",
                            "vpc_zone_identifier.#": "1",
                            "vpc_zone_identifier.2409135812": "subnet-9e871fb2",
                            "wait_for_capacity_timeout": "10m"
                        },
                        "meta": {},
                        "tainted": false
                    },
                    "deposed": [],
                    "provider": ""
                },
                "aws_ecs_cluster.ecscluster": {
                    "type": "aws_ecs_cluster",
                    "depends_on": [],
                    "primary": {
                        "id": "arn:aws:ecs:us-east-1:550522744793:cluster/demo_api_ecs_dev",
                        "attributes": {
                            "id": "arn:aws:ecs:us-east-1:550522744793:cluster/demo_api_ecs_dev",
                            "name": "demo_api_ecs_dev"
                        },
                        "meta": {},
                        "tainted": false
                    },
                    "deposed": [],
                    "provider": ""
                },
                "aws_launch_configuration.launch_config": {
                    "type": "aws_launch_configuration",
                    "depends_on": [],
                    "primary": {
                        "id": "demo_api_ecs_dev_lc_006c555721fc2687fa01aa5d16",
                        "attributes": {
                            "associate_public_ip_address": "false",
                            "ebs_block_device.#": "0",
                            "ebs_optimized": "false",
                            "enable_monitoring": "true",
                            "ephemeral_block_device.#": "0",
                            "iam_instance_profile": "ecs-instance-role",
                            "id": "demo_api_ecs_dev_lc_006c555721fc2687fa01aa5d16",
                            "image_id": "ami-04351e12",
                            "instance_type": "t2.large",
                            "key_name": "NavitasDevOps",
                            "name": "demo_api_ecs_dev_lc_006c555721fc2687fa01aa5d16",
                            "name_prefix": "demo_api_ecs_dev_lc_",
                            "root_block_device.#": "0",
                            "security_groups.#": "1",
                            "security_groups.2994124250": "sg-129ead63",
                            "spot_price": "",
                            "user_data": "daea1a69223883b0ebbac0e93be91e82cd5b9a3c",
                            "vpc_classic_link_id": "",
                            "vpc_classic_link_security_groups.#": "0"
                        },
                        "meta": {},
                        "tainted": false
                    },
                    "deposed": [],
                    "provider": ""
                }
            },
            "depends_on": []
        }
    ]
}
